
Microsoft Visual Studio Solution File, Format Version 12.00
# Visual Studio 15
VisualStudioVersion = 15.0.26730.15
MinimumVisualStudioVersion = 10.0.40219.1
Project("{2150E333-8FDC-42A3-9474-1A3956D46DE8}") = "00.Common", "00.Common", "{D453E408-9586-42F5-9197-2F83DC2CD570}"
EndProject
Project("{2150E333-8FDC-42A3-9474-1A3956D46DE8}") = "01.Entity", "01.Entity", "{B1A74B06-BBAA-45EE-B7F0-8F91D31820CA}"
EndProject
Project("{2150E333-8FDC-42A3-9474-1A3956D46DE8}") = "02.Thrift", "02.Thrift", "{1125B519-65C1-4F27-9C7B-C78177E75FB6}"
	ProjectSection(SolutionItems) = preProject
		Thrift\InformationService.thrift = Thrift\InformationService.thrift
		Thrift\Member.thrift = Thrift\Member.thrift
		Thrift\MessageService.thrift = Thrift\MessageService.thrift
		Thrift\Product.thrift = Thrift\Product.thrift
	EndProjectSection
EndProject
Project("{2150E333-8FDC-42A3-9474-1A3956D46DE8}") = "04.Message", "04.Message", "{63803F40-2168-4732-9522-24222E774492}"
EndProject
Project("{FAE04EC0-301F-11D3-BF4B-00C04F79EFBC}") = "CSTJR.RPC.Message", "CSTJR.RPC.Message\CSTJR.RPC.Message.csproj", "{1C33EA1C-A93F-4A6E-96E1-42E09AA46FDB}"
EndProject
Project("{FAE04EC0-301F-11D3-BF4B-00C04F79EFBC}") = "CSTJR.Enum", "D:\projects\JINGLIHNET\branches\v1.1\CSTJREntity\CSTJR.Enum\CSTJR.Enum.csproj", "{2C17DAEB-EEF2-445B-AF9D-4D8B1F055FD1}"
EndProject
Project("{FAE04EC0-301F-11D3-BF4B-00C04F79EFBC}") = "CSTJR.Message.Entity", "D:\projects\JINGLIHNET\branches\v1.1\CSTJREntity\CSTJR.Message.Entity\CSTJR.Message.Entity.csproj", "{4C777E9E-A801-4076-93AD-C41C4AAD79F6}"
EndProject
Project("{FAE04EC0-301F-11D3-BF4B-00C04F79EFBC}") = "CSTJR.RPC.Message.Contracts", "CSTJR.RPC.Message.Contracts\CSTJR.RPC.Message.Contracts.csproj", "{BEE492B3-2432-4F92-B52E-7AC4D81E9772}"
EndProject
Project("{FAE04EC0-301F-11D3-BF4B-00C04F79EFBC}") = "CSTJR.RPC.Message.Console", "CSTJR.RPC.Message.Console\CSTJR.RPC.Message.Console.csproj", "{2D528820-7537-42C6-B901-A5F9A8AB095C}"
EndProject
Project("{FAE04EC0-301F-11D3-BF4B-00C04F79EFBC}") = "CSTJR.RPC.Common", "CSTJR.RPC.Common\CSTJR.RPC.Common.csproj", "{99BC4321-08A2-4CA4-A9CE-46249D102E83}"
EndProject
Project("{2150E333-8FDC-42A3-9474-1A3956D46DE8}") = "03.Information", "03.Information", "{7DC6E331-DC63-4FA0-B0A2-55504017A6EF}"
EndProject
Project("{FAE04EC0-301F-11D3-BF4B-00C04F79EFBC}") = "CSTJR.RPC.Information", "CSTJR.RPC.Information\CSTJR.RPC.Information.csproj", "{05F4BB37-3314-45BA-9DF0-E677C630CA83}"
EndProject
Project("{FAE04EC0-301F-11D3-BF4B-00C04F79EFBC}") = "CSTJR.RPC.Information.Contracts", "CSTJR.RPC.Information.Contracts\CSTJR.RPC.Information.Contracts.csproj", "{1D5BE688-FCFA-46B7-8ACE-E4274C9239C8}"
EndProject
Project("{FAE04EC0-301F-11D3-BF4B-00C04F79EFBC}") = "CSTJR.RPC.Information.Console", "CSTJR.RPC.Information.Console\CSTJR.RPC.Information.Console.csproj", "{424A19E5-7CA2-4495-9760-D6B376156212}"
EndProject
Project("{FAE04EC0-301F-11D3-BF4B-00C04F79EFBC}") = "CSTJR.Member.Entity", "D:\projects\JINGLIHNET\branches\v1.1\CSTJREntity\CSTJR.Member.Entity\CSTJR.Member.Entity.csproj", "{873ECFBA-4F25-4809-8435-FE0420C446BE}"
EndProject
Project("{FAE04EC0-301F-11D3-BF4B-00C04F79EFBC}") = "CSTJR.Publish.Entity", "D:\projects\JINGLIHNET\branches\v1.1\CSTJREntity\CSTJR.Publish.Entity\CSTJR.Publish.Entity.csproj", "{6EA77AC3-11E3-4D1D-964A-8CC9772207E5}"
EndProject
Project("{2150E333-8FDC-42A3-9474-1A3956D46DE8}") = "10.Manager", "10.Manager", "{3927B1B5-632E-4C21-963F-58656F2131CE}"
EndProject
Project("{FAE04EC0-301F-11D3-BF4B-00C04F79EFBC}") = "CSTJR.RPC.Web", "CSTJR.RPC.Web\CSTJR.RPC.Web.csproj", "{67E657E2-C046-4655-BC59-F563A86BD5AF}"
EndProject
Project("{FAE04EC0-301F-11D3-BF4B-00C04F79EFBC}") = "CSTJR.RPC.Information.WinServer", "CSTJR.RPC.Information.WinServer\CSTJR.RPC.Information.WinServer.csproj", "{E416AE94-0E98-427B-B907-2C57AFFFD2E4}"
EndProject
Project("{FAE04EC0-301F-11D3-BF4B-00C04F79EFBC}") = "CSTJR.RPC.Message.WinServer", "CSTJR.RPC.Message.WinServer\CSTJR.RPC.Message.WinServer.csproj", "{B9E4ED9E-2CAB-48A4-880F-3663033399A5}"
EndProject
Project("{2150E333-8FDC-42A3-9474-1A3956D46DE8}") = "05.Member", "05.Member", "{C1963D36-7160-47B5-9EC5-647457E0A760}"
EndProject
Project("{2150E333-8FDC-42A3-9474-1A3956D46DE8}") = "06.Pay", "06.Pay", "{261DFDED-5B34-4A38-B189-F275B1151551}"
EndProject
Project("{FAE04EC0-301F-11D3-BF4B-00C04F79EFBC}") = "CSTJR.RPC.Pay", "CSTJR.RPC.Pay\CSTJR.RPC.Pay.csproj", "{B70E823A-2010-47F1-BAFE-9DD4A564D9D8}"
EndProject
Project("{FAE04EC0-301F-11D3-BF4B-00C04F79EFBC}") = "CSTJR.RPC.Pay.Console", "CSTJR.RPC.Pay.Console\CSTJR.RPC.Pay.Console.csproj", "{F3EA8800-63C6-4EC6-883E-70683008D628}"
EndProject
Project("{FAE04EC0-301F-11D3-BF4B-00C04F79EFBC}") = "CSTJR.RPC.Pay.WinServer", "CSTJR.RPC.Pay.WinServer\CSTJR.RPC.Pay.WinServer.csproj", "{8666048F-FBEF-435E-AC30-600C8432DC54}"
EndProject
Project("{FAE04EC0-301F-11D3-BF4B-00C04F79EFBC}") = "CSTJR.RPC.Pay.Contracts", "CSTJR.RPC.Pay.Contracts\CSTJR.RPC.Pay.Contracts.csproj", "{FAA479CD-5E45-4EC3-9736-6D440B1FB8AE}"
EndProject
Project("{2150E333-8FDC-42A3-9474-1A3956D46DE8}") = "07.Product", "07.Product", "{42E1AF90-66CA-4F19-82EF-F1C358C343EB}"
EndProject
Project("{FAE04EC0-301F-11D3-BF4B-00C04F79EFBC}") = "CSTJR.RPC.Product", "CSTJR.RPC.Product\CSTJR.RPC.Product.csproj", "{8A38158E-1C01-4FBE-A1A9-769684E4C18D}"
EndProject
Project("{FAE04EC0-301F-11D3-BF4B-00C04F79EFBC}") = "CSTJR.RPC.Product.Contracts", "CSTJR.RPC.Product.Contracts\CSTJR.RPC.Product.Contracts.csproj", "{E3290956-4C65-440F-BC44-94875E984011}"
EndProject
Project("{FAE04EC0-301F-11D3-BF4B-00C04F79EFBC}") = "CSTJR.RPC.Product.Console", "CSTJR.RPC.Product.Console\CSTJR.RPC.Product.Console.csproj", "{94F03369-358A-473F-820C-0A8EECC6B1FA}"
EndProject
Project("{FAE04EC0-301F-11D3-BF4B-00C04F79EFBC}") = "CSTJR.RPC.Product.WinServer", "CSTJR.RPC.Product.WinServer\CSTJR.RPC.Product.WinServer.csproj", "{BF567503-48B2-4824-80BF-E284164FC21E}"
EndProject
Project("{FAE04EC0-301F-11D3-BF4B-00C04F79EFBC}") = "CSTJR.Product.Entity", "D:\projects\JINGLIHNET\branches\v1.1\CSTJREntity\CSTJR.Product.Entity\CSTJR.Product.Entity.csproj", "{D3885B2D-71F1-4AEA-8449-68E89FAAB6C1}"
EndProject
Project("{FAE04EC0-301F-11D3-BF4B-00C04F79EFBC}") = "CSTJR.RPC.Member", "CSTJR.RPC.Member\CSTJR.RPC.Member.csproj", "{FFA5B08B-40F3-4E44-805B-F227EEBB3C59}"
EndProject
Project("{FAE04EC0-301F-11D3-BF4B-00C04F79EFBC}") = "CSTJR.RPC.Member.Contracts", "CSTJR.RPC.Member.Contracts\CSTJR.RPC.Member.Contracts.csproj", "{D5C42457-54CA-4D11-A3B7-4776DD3478A2}"
EndProject
Project("{FAE04EC0-301F-11D3-BF4B-00C04F79EFBC}") = "CSTJR.RPC.Member.Console", "CSTJR.RPC.Member.Console\CSTJR.RPC.Member.Console.csproj", "{7F97A10C-4AAB-4CD5-BE51-08995D3CBDFA}"
EndProject
Project("{FAE04EC0-301F-11D3-BF4B-00C04F79EFBC}") = "CSTJR.RPC.Member.WinServer", "CSTJR.RPC.Member.WinServer\CSTJR.RPC.Member.WinServer.csproj", "{4ED924A5-BAFD-4446-A3F0-84B76BB07F79}"
EndProject
Global
	GlobalSection(SolutionConfigurationPlatforms) = preSolution
		Debug|Any CPU = Debug|Any CPU
		Release|Any CPU = Release|Any CPU
	EndGlobalSection
	GlobalSection(ProjectConfigurationPlatforms) = postSolution
		{1C33EA1C-A93F-4A6E-96E1-42E09AA46FDB}.Debug|Any CPU.ActiveCfg = Debug|Any CPU
		{1C33EA1C-A93F-4A6E-96E1-42E09AA46FDB}.Debug|Any CPU.Build.0 = Debug|Any CPU
		{1C33EA1C-A93F-4A6E-96E1-42E09AA46FDB}.Release|Any CPU.ActiveCfg = Release|Any CPU
		{1C33EA1C-A93F-4A6E-96E1-42E09AA46FDB}.Release|Any CPU.Build.0 = Release|Any CPU
		{2C17DAEB-EEF2-445B-AF9D-4D8B1F055FD1}.Debug|Any CPU.ActiveCfg = Debug|Any CPU
		{2C17DAEB-EEF2-445B-AF9D-4D8B1F055FD1}.Debug|Any CPU.Build.0 = Debug|Any CPU
		{2C17DAEB-EEF2-445B-AF9D-4D8B1F055FD1}.Release|Any CPU.ActiveCfg = Release|Any CPU
		{2C17DAEB-EEF2-445B-AF9D-4D8B1F055FD1}.Release|Any CPU.Build.0 = Release|Any CPU
		{4C777E9E-A801-4076-93AD-C41C4AAD79F6}.Debug|Any CPU.ActiveCfg = Debug|Any CPU
		{4C777E9E-A801-4076-93AD-C41C4AAD79F6}.Debug|Any CPU.Build.0 = Debug|Any CPU
		{4C777E9E-A801-4076-93AD-C41C4AAD79F6}.Release|Any CPU.ActiveCfg = Release|Any CPU
		{4C777E9E-A801-4076-93AD-C41C4AAD79F6}.Release|Any CPU.Build.0 = Release|Any CPU
		{BEE492B3-2432-4F92-B52E-7AC4D81E9772}.Debug|Any CPU.ActiveCfg = Debug|Any CPU
		{BEE492B3-2432-4F92-B52E-7AC4D81E9772}.Debug|Any CPU.Build.0 = Debug|Any CPU
		{BEE492B3-2432-4F92-B52E-7AC4D81E9772}.Release|Any CPU.ActiveCfg = Release|Any CPU
		{BEE492B3-2432-4F92-B52E-7AC4D81E9772}.Release|Any CPU.Build.0 = Release|Any CPU
		{2D528820-7537-42C6-B901-A5F9A8AB095C}.Debug|Any CPU.ActiveCfg = Debug|Any CPU
		{2D528820-7537-42C6-B901-A5F9A8AB095C}.Debug|Any CPU.Build.0 = Debug|Any CPU
		{2D528820-7537-42C6-B901-A5F9A8AB095C}.Release|Any CPU.ActiveCfg = Release|Any CPU
		{2D528820-7537-42C6-B901-A5F9A8AB095C}.Release|Any CPU.Build.0 = Release|Any CPU
		{99BC4321-08A2-4CA4-A9CE-46249D102E83}.Debug|Any CPU.ActiveCfg = Debug|Any CPU
		{99BC4321-08A2-4CA4-A9CE-46249D102E83}.Debug|Any CPU.Build.0 = Debug|Any CPU
		{99BC4321-08A2-4CA4-A9CE-46249D102E83}.Release|Any CPU.ActiveCfg = Release|Any CPU
		{99BC4321-08A2-4CA4-A9CE-46249D102E83}.Release|Any CPU.Build.0 = Release|Any CPU
		{05F4BB37-3314-45BA-9DF0-E677C630CA83}.Debug|Any CPU.ActiveCfg = Debug|Any CPU
		{05F4BB37-3314-45BA-9DF0-E677C630CA83}.Debug|Any CPU.Build.0 = Debug|Any CPU
		{05F4BB37-3314-45BA-9DF0-E677C630CA83}.Release|Any CPU.ActiveCfg = Release|Any CPU
		{05F4BB37-3314-45BA-9DF0-E677C630CA83}.Release|Any CPU.Build.0 = Release|Any CPU
		{1D5BE688-FCFA-46B7-8ACE-E4274C9239C8}.Debug|Any CPU.ActiveCfg = Debug|Any CPU
		{1D5BE688-FCFA-46B7-8ACE-E4274C9239C8}.Debug|Any CPU.Build.0 = Debug|Any CPU
		{1D5BE688-FCFA-46B7-8ACE-E4274C9239C8}.Release|Any CPU.ActiveCfg = Release|Any CPU
		{1D5BE688-FCFA-46B7-8ACE-E4274C9239C8}.Release|Any CPU.Build.0 = Release|Any CPU
		{424A19E5-7CA2-4495-9760-D6B376156212}.Debug|Any CPU.ActiveCfg = Debug|Any CPU
		{424A19E5-7CA2-4495-9760-D6B376156212}.Debug|Any CPU.Build.0 = Debug|Any CPU
		{424A19E5-7CA2-4495-9760-D6B376156212}.Release|Any CPU.ActiveCfg = Release|Any CPU
		{424A19E5-7CA2-4495-9760-D6B376156212}.Release|Any CPU.Build.0 = Release|Any CPU
		{873ECFBA-4F25-4809-8435-FE0420C446BE}.Debug|Any CPU.ActiveCfg = Debug|Any CPU
		{873ECFBA-4F25-4809-8435-FE0420C446BE}.Debug|Any CPU.Build.0 = Debug|Any CPU
		{873ECFBA-4F25-4809-8435-FE0420C446BE}.Release|Any CPU.ActiveCfg = Release|Any CPU
		{873ECFBA-4F25-4809-8435-FE0420C446BE}.Release|Any CPU.Build.0 = Release|Any CPU
		{6EA77AC3-11E3-4D1D-964A-8CC9772207E5}.Debug|Any CPU.ActiveCfg = Debug|Any CPU
		{6EA77AC3-11E3-4D1D-964A-8CC9772207E5}.Debug|Any CPU.Build.0 = Debug|Any CPU
		{6EA77AC3-11E3-4D1D-964A-8CC9772207E5}.Release|Any CPU.ActiveCfg = Release|Any CPU
		{6EA77AC3-11E3-4D1D-964A-8CC9772207E5}.Release|Any CPU.Build.0 = Release|Any CPU
		{67E657E2-C046-4655-BC59-F563A86BD5AF}.Debug|Any CPU.ActiveCfg = Debug|Any CPU
		{67E657E2-C046-4655-BC59-F563A86BD5AF}.Debug|Any CPU.Build.0 = Debug|Any CPU
		{67E657E2-C046-4655-BC59-F563A86BD5AF}.Release|Any CPU.ActiveCfg = Release|Any CPU
		{67E657E2-C046-4655-BC59-F563A86BD5AF}.Release|Any CPU.Build.0 = Release|Any CPU
		{E416AE94-0E98-427B-B907-2C57AFFFD2E4}.Debug|Any CPU.ActiveCfg = Debug|Any CPU
		{E416AE94-0E98-427B-B907-2C57AFFFD2E4}.Debug|Any CPU.Build.0 = Debug|Any CPU
		{E416AE94-0E98-427B-B907-2C57AFFFD2E4}.Release|Any CPU.ActiveCfg = Release|Any CPU
		{E416AE94-0E98-427B-B907-2C57AFFFD2E4}.Release|Any CPU.Build.0 = Release|Any CPU
		{B9E4ED9E-2CAB-48A4-880F-3663033399A5}.Debug|Any CPU.ActiveCfg = Debug|Any CPU
		{B9E4ED9E-2CAB-48A4-880F-3663033399A5}.Debug|Any CPU.Build.0 = Debug|Any CPU
		{B9E4ED9E-2CAB-48A4-880F-3663033399A5}.Release|Any CPU.ActiveCfg = Release|Any CPU
		{B9E4ED9E-2CAB-48A4-880F-3663033399A5}.Release|Any CPU.Build.0 = Release|Any CPU
		{B70E823A-2010-47F1-BAFE-9DD4A564D9D8}.Debug|Any CPU.ActiveCfg = Debug|Any CPU
		{B70E823A-2010-47F1-BAFE-9DD4A564D9D8}.Debug|Any CPU.Build.0 = Debug|Any CPU
		{B70E823A-2010-47F1-BAFE-9DD4A564D9D8}.Release|Any CPU.ActiveCfg = Release|Any CPU
		{B70E823A-2010-47F1-BAFE-9DD4A564D9D8}.Release|Any CPU.Build.0 = Release|Any CPU
		{F3EA8800-63C6-4EC6-883E-70683008D628}.Debug|Any CPU.ActiveCfg = Debug|Any CPU
		{F3EA8800-63C6-4EC6-883E-70683008D628}.Debug|Any CPU.Build.0 = Debug|Any CPU
		{F3EA8800-63C6-4EC6-883E-70683008D628}.Release|Any CPU.ActiveCfg = Release|Any CPU
		{F3EA8800-63C6-4EC6-883E-70683008D628}.Release|Any CPU.Build.0 = Release|Any CPU
		{8666048F-FBEF-435E-AC30-600C8432DC54}.Debug|Any CPU.ActiveCfg = Debug|Any CPU
		{8666048F-FBEF-435E-AC30-600C8432DC54}.Debug|Any CPU.Build.0 = Debug|Any CPU
		{8666048F-FBEF-435E-AC30-600C8432DC54}.Release|Any CPU.ActiveCfg = Release|Any CPU
		{8666048F-FBEF-435E-AC30-600C8432DC54}.Release|Any CPU.Build.0 = Release|Any CPU
		{FAA479CD-5E45-4EC3-9736-6D440B1FB8AE}.Debug|Any CPU.ActiveCfg = Debug|Any CPU
		{FAA479CD-5E45-4EC3-9736-6D440B1FB8AE}.Debug|Any CPU.Build.0 = Debug|Any CPU
		{FAA479CD-5E45-4EC3-9736-6D440B1FB8AE}.Release|Any CPU.ActiveCfg = Release|Any CPU
		{FAA479CD-5E45-4EC3-9736-6D440B1FB8AE}.Release|Any CPU.Build.0 = Release|Any CPU
		{8A38158E-1C01-4FBE-A1A9-769684E4C18D}.Debug|Any CPU.ActiveCfg = Debug|Any CPU
		{8A38158E-1C01-4FBE-A1A9-769684E4C18D}.Debug|Any CPU.Build.0 = Debug|Any CPU
		{8A38158E-1C01-4FBE-A1A9-769684E4C18D}.Release|Any CPU.ActiveCfg = Release|Any CPU
		{8A38158E-1C01-4FBE-A1A9-769684E4C18D}.Release|Any CPU.Build.0 = Release|Any CPU
		{E3290956-4C65-440F-BC44-94875E984011}.Debug|Any CPU.ActiveCfg = Debug|Any CPU
		{E3290956-4C65-440F-BC44-94875E984011}.Debug|Any CPU.Build.0 = Debug|Any CPU
		{E3290956-4C65-440F-BC44-94875E984011}.Release|Any CPU.ActiveCfg = Release|Any CPU
		{E3290956-4C65-440F-BC44-94875E984011}.Release|Any CPU.Build.0 = Release|Any CPU
		{94F03369-358A-473F-820C-0A8EECC6B1FA}.Debug|Any CPU.ActiveCfg = Debug|Any CPU
		{94F03369-358A-473F-820C-0A8EECC6B1FA}.Debug|Any CPU.Build.0 = Debug|Any CPU
		{94F03369-358A-473F-820C-0A8EECC6B1FA}.Release|Any CPU.ActiveCfg = Release|Any CPU
		{94F03369-358A-473F-820C-0A8EECC6B1FA}.Release|Any CPU.Build.0 = Release|Any CPU
		{BF567503-48B2-4824-80BF-E284164FC21E}.Debug|Any CPU.ActiveCfg = Debug|Any CPU
		{BF567503-48B2-4824-80BF-E284164FC21E}.Debug|Any CPU.Build.0 = Debug|Any CPU
		{BF567503-48B2-4824-80BF-E284164FC21E}.Release|Any CPU.ActiveCfg = Release|Any CPU
		{BF567503-48B2-4824-80BF-E284164FC21E}.Release|Any CPU.Build.0 = Release|Any CPU
		{D3885B2D-71F1-4AEA-8449-68E89FAAB6C1}.Debug|Any CPU.ActiveCfg = Debug|Any CPU
		{D3885B2D-71F1-4AEA-8449-68E89FAAB6C1}.Debug|Any CPU.Build.0 = Debug|Any CPU
		{D3885B2D-71F1-4AEA-8449-68E89FAAB6C1}.Release|Any CPU.ActiveCfg = Release|Any CPU
		{D3885B2D-71F1-4AEA-8449-68E89FAAB6C1}.Release|Any CPU.Build.0 = Release|Any CPU
		{FFA5B08B-40F3-4E44-805B-F227EEBB3C59}.Debug|Any CPU.ActiveCfg = Debug|Any CPU
		{FFA5B08B-40F3-4E44-805B-F227EEBB3C59}.Debug|Any CPU.Build.0 = Debug|Any CPU
		{FFA5B08B-40F3-4E44-805B-F227EEBB3C59}.Release|Any CPU.ActiveCfg = Release|Any CPU
		{FFA5B08B-40F3-4E44-805B-F227EEBB3C59}.Release|Any CPU.Build.0 = Release|Any CPU
		{D5C42457-54CA-4D11-A3B7-4776DD3478A2}.Debug|Any CPU.ActiveCfg = Debug|Any CPU
		{D5C42457-54CA-4D11-A3B7-4776DD3478A2}.Debug|Any CPU.Build.0 = Debug|Any CPU
		{D5C42457-54CA-4D11-A3B7-4776DD3478A2}.Release|Any CPU.ActiveCfg = Release|Any CPU
		{D5C42457-54CA-4D11-A3B7-4776DD3478A2}.Release|Any CPU.Build.0 = Release|Any CPU
		{7F97A10C-4AAB-4CD5-BE51-08995D3CBDFA}.Debug|Any CPU.ActiveCfg = Debug|Any CPU
		{7F97A10C-4AAB-4CD5-BE51-08995D3CBDFA}.Debug|Any CPU.Build.0 = Debug|Any CPU
		{7F97A10C-4AAB-4CD5-BE51-08995D3CBDFA}.Release|Any CPU.ActiveCfg = Release|Any CPU
		{7F97A10C-4AAB-4CD5-BE51-08995D3CBDFA}.Release|Any CPU.Build.0 = Release|Any CPU
		{4ED924A5-BAFD-4446-A3F0-84B76BB07F79}.Debug|Any CPU.ActiveCfg = Debug|Any CPU
		{4ED924A5-BAFD-4446-A3F0-84B76BB07F79}.Debug|Any CPU.Build.0 = Debug|Any CPU
		{4ED924A5-BAFD-4446-A3F0-84B76BB07F79}.Release|Any CPU.ActiveCfg = Release|Any CPU
		{4ED924A5-BAFD-4446-A3F0-84B76BB07F79}.Release|Any CPU.Build.0 = Release|Any CPU
	EndGlobalSection
	GlobalSection(SolutionProperties) = preSolution
		HideSolutionNode = FALSE
	EndGlobalSection
	GlobalSection(NestedProjects) = preSolution
		{1C33EA1C-A93F-4A6E-96E1-42E09AA46FDB} = {63803F40-2168-4732-9522-24222E774492}
		{2C17DAEB-EEF2-445B-AF9D-4D8B1F055FD1} = {D453E408-9586-42F5-9197-2F83DC2CD570}
		{4C777E9E-A801-4076-93AD-C41C4AAD79F6} = {B1A74B06-BBAA-45EE-B7F0-8F91D31820CA}
		{BEE492B3-2432-4F92-B52E-7AC4D81E9772} = {63803F40-2168-4732-9522-24222E774492}
		{2D528820-7537-42C6-B901-A5F9A8AB095C} = {63803F40-2168-4732-9522-24222E774492}
		{99BC4321-08A2-4CA4-A9CE-46249D102E83} = {D453E408-9586-42F5-9197-2F83DC2CD570}
		{05F4BB37-3314-45BA-9DF0-E677C630CA83} = {7DC6E331-DC63-4FA0-B0A2-55504017A6EF}
		{1D5BE688-FCFA-46B7-8ACE-E4274C9239C8} = {7DC6E331-DC63-4FA0-B0A2-55504017A6EF}
		{424A19E5-7CA2-4495-9760-D6B376156212} = {7DC6E331-DC63-4FA0-B0A2-55504017A6EF}
		{873ECFBA-4F25-4809-8435-FE0420C446BE} = {B1A74B06-BBAA-45EE-B7F0-8F91D31820CA}
		{6EA77AC3-11E3-4D1D-964A-8CC9772207E5} = {B1A74B06-BBAA-45EE-B7F0-8F91D31820CA}
		{67E657E2-C046-4655-BC59-F563A86BD5AF} = {3927B1B5-632E-4C21-963F-58656F2131CE}
		{E416AE94-0E98-427B-B907-2C57AFFFD2E4} = {7DC6E331-DC63-4FA0-B0A2-55504017A6EF}
		{B9E4ED9E-2CAB-48A4-880F-3663033399A5} = {63803F40-2168-4732-9522-24222E774492}
		{B70E823A-2010-47F1-BAFE-9DD4A564D9D8} = {261DFDED-5B34-4A38-B189-F275B1151551}
		{F3EA8800-63C6-4EC6-883E-70683008D628} = {261DFDED-5B34-4A38-B189-F275B1151551}
		{8666048F-FBEF-435E-AC30-600C8432DC54} = {261DFDED-5B34-4A38-B189-F275B1151551}
		{FAA479CD-5E45-4EC3-9736-6D440B1FB8AE} = {261DFDED-5B34-4A38-B189-F275B1151551}
		{8A38158E-1C01-4FBE-A1A9-769684E4C18D} = {42E1AF90-66CA-4F19-82EF-F1C358C343EB}
		{E3290956-4C65-440F-BC44-94875E984011} = {42E1AF90-66CA-4F19-82EF-F1C358C343EB}
		{94F03369-358A-473F-820C-0A8EECC6B1FA} = {42E1AF90-66CA-4F19-82EF-F1C358C343EB}
		{BF567503-48B2-4824-80BF-E284164FC21E} = {42E1AF90-66CA-4F19-82EF-F1C358C343EB}
		{D3885B2D-71F1-4AEA-8449-68E89FAAB6C1} = {B1A74B06-BBAA-45EE-B7F0-8F91D31820CA}
		{FFA5B08B-40F3-4E44-805B-F227EEBB3C59} = {C1963D36-7160-47B5-9EC5-647457E0A760}
		{D5C42457-54CA-4D11-A3B7-4776DD3478A2} = {C1963D36-7160-47B5-9EC5-647457E0A760}
		{7F97A10C-4AAB-4CD5-BE51-08995D3CBDFA} = {C1963D36-7160-47B5-9EC5-647457E0A760}
		{4ED924A5-BAFD-4446-A3F0-84B76BB07F79} = {C1963D36-7160-47B5-9EC5-647457E0A760}
	EndGlobalSection
	GlobalSection(ExtensibilityGlobals) = postSolution
		SolutionGuid = {EC27A4D7-6F41-4897-87AF-94EB1A62F6E2}
	EndGlobalSection
EndGlobal
